// !$*UTF8*$!
{
	archiveVersion = 1;
	classes = {
	};
	objectVersion = 46;
	objects = {

/* Begin PBXBuildFile section */
		9FFA80D31E05A28D00D77412 /* OAuthKit.framework in Frameworks */ = {isa = PBXBuildFile; fileRef = 9FFA80C91E05A28D00D77412 /* OAuthKit.framework */; };
		9FFA80D81E05A28D00D77412 /* OAuthKitTests.swift in Sources */ = {isa = PBXBuildFile; fileRef = 9FFA80D71E05A28D00D77412 /* OAuthKitTests.swift */; };
		9FFA80DA1E05A28D00D77412 /* OAuthKit.h in Headers */ = {isa = PBXBuildFile; fileRef = 9FFA80CC1E05A28D00D77412 /* OAuthKit.h */; settings = {ATTRIBUTES = (Public, ); }; };
/* End PBXBuildFile section */

/* Begin PBXContainerItemProxy section */
		9FFA80D41E05A28D00D77412 /* PBXContainerItemProxy */ = {
			isa = PBXContainerItemProxy;
			containerPortal = 9FFA80C01E05A28D00D77412 /* Project object */;
			proxyType = 1;
			remoteGlobalIDString = 9FFA80C81E05A28D00D77412;
			remoteInfo = OAuthKit;
		};
/* End PBXContainerItemProxy section */

/* Begin PBXFileReference section */
		9FFA80C91E05A28D00D77412 /* OAuthKit.framework */ = {isa = PBXFileReference; explicitFileType = wrapper.framework; includeInIndex = 0; path = OAuthKit.framework; sourceTree = BUILT_PRODUCTS_DIR; };
		9FFA80CC1E05A28D00D77412 /* OAuthKit.h */ = {isa = PBXFileReference; lastKnownFileType = sourcecode.c.h; path = OAuthKit.h; sourceTree = "<group>"; };
		9FFA80CD1E05A28D00D77412 /* Info.plist */ = {isa = PBXFileReference; lastKnownFileType = text.plist.xml; path = Info.plist; sourceTree = "<group>"; };
		9FFA80D21E05A28D00D77412 /* OAuthKitTests.xctest */ = {isa = PBXFileReference; explicitFileType = wrapper.cfbundle; includeInIndex = 0; path = OAuthKitTests.xctest; sourceTree = BUILT_PRODUCTS_DIR; };
		9FFA80D71E05A28D00D77412 /* OAuthKitTests.swift */ = {isa = PBXFileReference; lastKnownFileType = sourcecode.swift; path = OAuthKitTests.swift; sourceTree = "<group>"; };
		9FFA80D91E05A28D00D77412 /* Info.plist */ = {isa = PBXFileReference; lastKnownFileType = text.plist.xml; path = Info.plist; sourceTree = "<group>"; };
/* End PBXFileReference section */

/* Begin PBXFrameworksBuildPhase section */
		9FFA80C51E05A28D00D77412 /* Frameworks */ = {
			isa = PBXFrameworksBuildPhase;
			buildActionMask = 2147483647;
			files = (
			);
			runOnlyForDeploymentPostprocessing = 0;
		};
		9FFA80CF1E05A28D00D77412 /* Frameworks */ = {
			isa = PBXFrameworksBuildPhase;
			buildActionMask = 2147483647;
			files = (
				9FFA80D31E05A28D00D77412 /* OAuthKit.framework in Frameworks */,
			);
			runOnlyForDeploymentPostprocessing = 0;
		};
/* End PBXFrameworksBuildPhase section */

/* Begin PBXGroup section */
		9FFA80BF1E05A28D00D77412 = {
			isa = PBXGroup;
			children = (
				9FFA80CB1E05A28D00D77412 /* OAuthKit */,
				9FFA80D61E05A28D00D77412 /* OAuthKitTests */,
				9FFA80CA1E05A28D00D77412 /* Products */,
			);
			sourceTree = "<group>";
		};
		9FFA80CA1E05A28D00D77412 /* Products */ = {
			isa = PBXGroup;
			children = (
				9FFA80C91E05A28D00D77412 /* OAuthKit.framework */,
				9FFA80D21E05A28D00D77412 /* OAuthKitTests.xctest */,
			);
			name = Products;
			sourceTree = "<group>";
		};
		9FFA80CB1E05A28D00D77412 /* OAuthKit */ = {
			isa = PBXGroup;
			children = (
				9FFA80CC1E05A28D00D77412 /* OAuthKit.h */,
				9FFA80CD1E05A28D00D77412 /* Info.plist */,
			);
			path = OAuthKit;
			sourceTree = "<group>";
		};
		9FFA80D61E05A28D00D77412 /* OAuthKitTests */ = {
			isa = PBXGroup;
			children = (
				9FFA80D71E05A28D00D77412 /* OAuthKitTests.swift */,
				9FFA80D91E05A28D00D77412 /* Info.plist */,
			);
			path = OAuthKitTests;
			sourceTree = "<group>";
		};
/* End PBXGroup section */

/* Begin PBXHeadersBuildPhase section */
		9FFA80C61E05A28D00D77412 /* Headers */ = {
			isa = PBXHeadersBuildPhase;
			buildActionMask = 2147483647;
			files = (
				9FFA80DA1E05A28D00D77412 /* OAuthKit.h in Headers */,
			);
			runOnlyForDeploymentPostprocessing = 0;
		};
/* End PBXHeadersBuildPhase section */

/* Begin PBXNativeTarget section */
		9FFA80C81E05A28D00D77412 /* OAuthKit */ = {
			isa = PBXNativeTarget;
			buildConfigurationList = 9FFA80DD1E05A28D00D77412 /* Build configuration list for PBXNativeTarget "OAuthKit" */;
			buildPhases = (
				9FFA80C41E05A28D00D77412 /* Sources */,
				9FFA80C51E05A28D00D77412 /* Frameworks */,
				9FFA80C61E05A28D00D77412 /* Headers */,
				9FFA80C71E05A28D00D77412 /* Resources */,
			);
			buildRules = (
			);
			dependencies = (
			);
			name = OAuthKit;
			productName = OAuthKit;
			productReference = 9FFA80C91E05A28D00D77412 /* OAuthKit.framework */;
			productType = "com.apple.product-type.framework";
		};
		9FFA80D11E05A28D00D77412 /* OAuthKitTests */ = {
			isa = PBXNativeTarget;
			buildConfigurationList = 9FFA80E01E05A28D00D77412 /* Build configuration list for PBXNativeTarget "OAuthKitTests" */;
			buildPhases = (
				9FFA80CE1E05A28D00D77412 /* Sources */,
				9FFA80CF1E05A28D00D77412 /* Frameworks */,
				9FFA80D01E05A28D00D77412 /* Resources */,
			);
			buildRules = (
			);
			dependencies = (
				9FFA80D51E05A28D00D77412 /* PBXTargetDependency */,
			);
			name = OAuthKitTests;
			productName = OAuthKitTests;
			productReference = 9FFA80D21E05A28D00D77412 /* OAuthKitTests.xctest */;
			productType = "com.apple.product-type.bundle.unit-test";
		};
/* End PBXNativeTarget section */

/* Begin PBXProject section */
		9FFA80C01E05A28D00D77412 /* Project object */ = {
			isa = PBXProject;
			attributes = {
				LastSwiftUpdateCheck = 0820;
				LastUpgradeCheck = 0820;
				ORGANIZATIONNAME = Atlassian;
				TargetAttributes = {
					9FFA80C81E05A28D00D77412 = {
						CreatedOnToolsVersion = 8.2;
						DevelopmentTeam = CX9J48U7L2;
						ProvisioningStyle = Automatic;
					};
					9FFA80D11E05A28D00D77412 = {
						CreatedOnToolsVersion = 8.2;
						DevelopmentTeam = CX9J48U7L2;
						ProvisioningStyle = Automatic;
					};
				};
			};
			buildConfigurationList = 9FFA80C31E05A28D00D77412 /* Build configuration list for PBXProject "OAuthKit" */;
			compatibilityVersion = "Xcode 3.2";
			developmentRegion = English;
			hasScannedForEncodings = 0;
			knownRegions = (
				en,
			);
			mainGroup = 9FFA80BF1E05A28D00D77412;
			productRefGroup = 9FFA80CA1E05A28D00D77412 /* Products */;
			projectDirPath = "";
			projectRoot = "";
			targets = (
				9FFA80C81E05A28D00D77412 /* OAuthKit */,
				9FFA80D11E05A28D00D77412 /* OAuthKitTests */,
			);
		};
/* End PBXProject section */

/* Begin PBXResourcesBuildPhase section */
		9FFA80C71E05A28D00D77412 /* Resources */ = {
			isa = PBXResourcesBuildPhase;
			buildActionMask = 2147483647;
			files = (
			);
			runOnlyForDeploymentPostprocessing = 0;
		};
		9FFA80D01E05A28D00D77412 /* Resources */ = {
			isa = PBXResourcesBuildPhase;
			buildActionMask = 2147483647;
			files = (
			);
			runOnlyForDeploymentPostprocessing = 0;
		};
/* End PBXResourcesBuildPhase section */

/* Begin PBXSourcesBuildPhase section */
		9FFA80C41E05A28D00D77412 /* Sources */ = {
			isa = PBXSourcesBuildPhase;
			buildActionMask = 2147483647;
			files = (
			);
			runOnlyForDeploymentPostprocessing = 0;
		};
		9FFA80CE1E05A28D00D77412 /* Sources */ = {
			isa = PBXSourcesBuildPhase;
			buildActionMask = 2147483647;
			files = (
				9FFA80D81E05A28D00D77412 /* OAuthKitTests.swift in Sources */,
			);
			runOnlyForDeploymentPostprocessing = 0;
		};
/* End PBXSourcesBuildPhase section */

/* Begin PBXTargetDependency section */
		9FFA80D51E05A28D00D77412 /* PBXTargetDependency */ = {
			isa = PBXTargetDependency;
			target = 9FFA80C81E05A28D00D77412 /* OAuthKit */;
			targetProxy = 9FFA80D41E05A28D00D77412 /* PBXContainerItemProxy */;
		};
/* End PBXTargetDependency section */

/* Begin XCBuildConfiguration section */
		9FFA80DB1E05A28D00D77412 /* Debug */ = {
			isa = XCBuildConfiguration;
			buildSettings = {
				ALWAYS_SEARCH_USER_PATHS = NO;
				CLANG_ANALYZER_NONNULL = YES;
				CLANG_CXX_LANGUAGE_STANDARD = "gnu++0x";
				CLANG_CXX_LIBRARY = "libc++";
				CLANG_ENABLE_MODULES = YES;
				CLANG_ENABLE_OBJC_ARC = YES;
				CLANG_WARN_BOOL_CONVERSION = YES;
				CLANG_WARN_CONSTANT_CONVERSION = YES;
				CLANG_WARN_DIRECT_OBJC_ISA_USAGE = YES_ERROR;
				CLANG_WARN_DOCUMENTATION_COMMENTS = YES;
				CLANG_WARN_EMPTY_BODY = YES;
				CLANG_WARN_ENUM_CONVERSION = YES;
				CLANG_WARN_INFINITE_RECURSION = YES;
				CLANG_WARN_INT_CONVERSION = YES;
				CLANG_WARN_OBJC_ROOT_CLASS = YES_ERROR;
				CLANG_WARN_SUSPICIOUS_MOVE = YES;
				CLANG_WARN_UNREACHABLE_CODE = YES;
				CLANG_WARN__DUPLICATE_METHOD_MATCH = YES;
				"CODE_SIGN_IDENTITY[sdk=iphoneos*]" = "iPhone Developer";
				COPY_PHASE_STRIP = NO;
				CURRENT_PROJECT_VERSION = 1;
				DEBUG_INFORMATION_FORMAT = dwarf;
				ENABLE_STRICT_OBJC_MSGSEND = YES;
				ENABLE_TESTABILITY = YES;
				GCC_C_LANGUAGE_STANDARD = gnu99;
				GCC_DYNAMIC_NO_PIC = NO;
				GCC_NO_COMMON_BLOCKS = YES;
				GCC_OPTIMIZATION_LEVEL = 0;
				GCC_PREPROCESSOR_DEFINITIONS = (
					"DEBUG=1",
					"$(inherited)",
				);
				GCC_WARN_64_TO_32_BIT_CONVERSION = YES;
				GCC_WARN_ABOUT_RETURN_TYPE = YES_ERROR;
				GCC_WARN_UNDECLARED_SELECTOR = YES;
				GCC_WARN_UNINITIALIZED_AUTOS = YES_AGGRESSIVE;
				GCC_WARN_UNUSED_FUNCTION = YES;
				GCC_WARN_UNUSED_VARIABLE = YES;
				IPHONEOS_DEPLOYMENT_TARGET = 10.2;
				MTL_ENABLE_DEBUG_INFO = YES;
				ONLY_ACTIVE_ARCH = YES;
				SDKROOT = iphoneos;
				SWIFT_ACTIVE_COMPILATION_CONDITIONS = DEBUG;
				SWIFT_OPTIMIZATION_LEVEL = "-Onone";
				TARGETED_DEVICE_FAMILY = "1,2";
				VERSIONING_SYSTEM = "apple-generic";
				VERSION_INFO_PREFIX = "";
			};
			name = Debug;
		};
		9FFA80DC1E05A28D00D77412 /* Release */ = {
			isa = XCBuildConfiguration;
			buildSettings = {
				ALWAYS_SEARCH_USER_PATHS = NO;
				CLANG_ANALYZER_NONNULL = YES;
				CLANG_CXX_LANGUAGE_STANDARD = "gnu++0x";
				CLANG_CXX_LIBRARY = "libc++";
				CLANG_ENABLE_MODULES = YES;
				CLANG_ENABLE_OBJC_ARC = YES;
				CLANG_WARN_BOOL_CONVERSION = YES;
				CLANG_WARN_CONSTANT_CONVERSION = YES;
				CLANG_WARN_DIRECT_OBJC_ISA_USAGE = YES_ERROR;
				CLANG_WARN_DOCUMENTATION_COMMENTS = YES;
				CLANG_WARN_EMPTY_BODY = YES;
				CLANG_WARN_ENUM_CONVERSION = YES;
				CLANG_WARN_INFINITE_RECURSION = YES;
				CLANG_WARN_INT_CONVERSION = YES;
				CLANG_WARN_OBJC_ROOT_CLASS = YES_ERROR;
				CLANG_WARN_SUSPICIOUS_MOVE = YES;
				CLANG_WARN_UNREACHABLE_CODE = YES;
				CLANG_WARN__DUPLICATE_METHOD_MATCH = YES;
				"CODE_SIGN_IDENTITY[sdk=iphoneos*]" = "iPhone Developer";
				COPY_PHASE_STRIP = NO;
				CURRENT_PROJECT_VERSION = 1;
				DEBUG_INFORMATION_FORMAT = "dwarf-with-dsym";
				ENABLE_NS_ASSERTIONS = NO;
				ENABLE_STRICT_OBJC_MSGSEND = YES;
				GCC_C_LANGUAGE_STANDARD = gnu99;
				GCC_NO_COMMON_BLOCKS = YES;
				GCC_WARN_64_TO_32_BIT_CONVERSION = YES;
				GCC_WARN_ABOUT_RETURN_TYPE = YES_ERROR;
				GCC_WARN_UNDECLARED_SELECTOR = YES;
				GCC_WARN_UNINITIALIZED_AUTOS = YES_AGGRESSIVE;
				GCC_WARN_UNUSED_FUNCTION = YES;
				GCC_WARN_UNUSED_VARIABLE = YES;
				IPHONEOS_DEPLOYMENT_TARGET = 10.2;
				MTL_ENABLE_DEBUG_INFO = NO;
				SDKROOT = iphoneos;
				SWIFT_OPTIMIZATION_LEVEL = "-Owholemodule";
				TARGETED_DEVICE_FAMILY = "1,2";
				VALIDATE_PRODUCT = YES;
				VERSIONING_SYSTEM = "apple-generic";
				VERSION_INFO_PREFIX = "";
			};
			name = Release;
		};
		9FFA80DE1E05A28D00D77412 /* Debug */ = {
			isa = XCBuildConfiguration;
			buildSettings = {
				CODE_SIGN_IDENTITY = "";
				DEFINES_MODULE = YES;
				DEVELOPMENT_TEAM = CX9J48U7L2;
				DYLIB_COMPATIBILITY_VERSION = 1;
				DYLIB_CURRENT_VERSION = 1;
				DYLIB_INSTALL_NAME_BASE = "@rpath";
				INFOPLIST_FILE = OAuthKit/Info.plist;
				INSTALL_PATH = "$(LOCAL_LIBRARY_DIR)/Frameworks";
				LD_RUNPATH_SEARCH_PATHS = "$(inherited) @executable_path/Frameworks @loader_path/Frameworks";
				PRODUCT_BUNDLE_IDENTIFIER = com.atlassian.OAuthKit;
				PRODUCT_NAME = "$(TARGET_NAME)";
				SKIP_INSTALL = YES;
				SWIFT_VERSION = 3.0;
			};
			name = Debug;
		};
		9FFA80DF1E05A28D00D77412 /* Release */ = {
			isa = XCBuildConfiguration;
			buildSettings = {
				CODE_SIGN_IDENTITY = "";
				DEFINES_MODULE = YES;
				DEVELOPMENT_TEAM = CX9J48U7L2;
				DYLIB_COMPATIBILITY_VERSION = 1;
				DYLIB_CURRENT_VERSION = 1;
				DYLIB_INSTALL_NAME_BASE = "@rpath";
				INFOPLIST_FILE = OAuthKit/Info.plist;
				INSTALL_PATH = "$(LOCAL_LIBRARY_DIR)/Frameworks";
				LD_RUNPATH_SEARCH_PATHS = "$(inherited) @executable_path/Frameworks @loader_path/Frameworks";
				PRODUCT_BUNDLE_IDENTIFIER = com.atlassian.OAuthKit;
				PRODUCT_NAME = "$(TARGET_NAME)";
				SKIP_INSTALL = YES;
				SWIFT_VERSION = 3.0;
			};
			name = Release;
		};
		9FFA80E11E05A28D00D77412 /* Debug */ = {
			isa = XCBuildConfiguration;
			buildSettings = {
				DEVELOPMENT_TEAM = CX9J48U7L2;
				INFOPLIST_FILE = OAuthKitTests/Info.plist;
				LD_RUNPATH_SEARCH_PATHS = "$(inherited) @executable_path/Frameworks @loader_path/Frameworks";
				PRODUCT_BUNDLE_IDENTIFIER = com.atlassian.OAuthKitTests;
				PRODUCT_NAME = "$(TARGET_NAME)";
				SWIFT_VERSION = 3.0;
			};
			name = Debug;
		};
		9FFA80E21E05A28D00D77412 /* Release */ = {
			isa = XCBuildConfiguration;
			buildSettings = {
				DEVELOPMENT_TEAM = CX9J48U7L2;
				INFOPLIST_FILE = OAuthKitTests/Info.plist;
				LD_RUNPATH_SEARCH_PATHS = "$(inherited) @executable_path/Frameworks @loader_path/Frameworks";
				PRODUCT_BUNDLE_IDENTIFIER = com.atlassian.OAuthKitTests;
				PRODUCT_NAME = "$(TARGET_NAME)";
				SWIFT_VERSION = 3.0;
			};
			name = Release;
		};
/* End XCBuildConfiguration section */

/* Begin XCConfigurationList section */
		9FFA80C31E05A28D00D77412 /* Build configuration list for PBXProject "OAuthKit" */ = {
			isa = XCConfigurationList;
			buildConfigurations = (
				9FFA80DB1E05A28D00D77412 /* Debug */,
				9FFA80DC1E05A28D00D77412 /* Release */,
			);
			defaultConfigurationIsVisible = 0;
			defaultConfigurationName = Release;
		};
		9FFA80DD1E05A28D00D77412 /* Build configuration list for PBXNativeTarget "OAuthKit" */ = {
			isa = XCConfigurationList;
			buildConfigurations = (
				9FFA80DE1E05A28D00D77412 /* Debug */,
				9FFA80DF1E05A28D00D77412 /* Release */,
			);
			defaultConfigurationIsVisible = 0;
		};
		9FFA80E01E05A28D00D77412 /* Build configuration list for PBXNativeTarget "OAuthKitTests" */ = {
			isa = XCConfigurationList;
			buildConfigurations = (
				9FFA80E11E05A28D00D77412 /* Debug */,
				9FFA80E21E05A28D00D77412 /* Release */,
			);
			defaultConfigurationIsVisible = 0;
		};
/* End XCConfigurationList section */
	};
	rootObject = 9FFA80C01E05A28D00D77412 /* Project object */;
}
